
Microsoft Visual Studio Solution File, Format Version 12.00
# Visual Studio Version 17
VisualStudioVersion = 17.8.34330.188
MinimumVisualStudioVersion = 10.0.40219.1
Project("{9A19103F-16F7-4668-BE54-9A1E7A4F7556}") = "DateGuess", "DateGuess\DateGuess.csproj", "{13C002E5-73E3-430C-B4D8-5FED6A6B7D54}"
EndProject
Global
	GlobalSection(SolutionConfigurationPlatforms) = preSolution
		Debug|Any CPU = Debug|Any CPU
		Release|Any CPU = Release|Any CPU
	EndGlobalSection
	GlobalSection(ProjectConfigurationPlatforms) = postSolution
		{13C002E5-73E3-430C-B4D8-5FED6A6B7D54}.Debug|Any CPU.ActiveCfg = Debug|Any CPU
		{13C002E5-73E3-430C-B4D8-5FED6A6B7D54}.Debug|Any CPU.Build.0 = Debug|Any CPU
		{13C002E5-73E3-430C-B4D8-5FED6A6B7D54}.Release|Any CPU.ActiveCfg = Release|Any CPU
		{13C002E5-73E3-430C-B4D8-5FED6A6B7D54}.Release|Any CPU.Build.0 = Release|Any CPU
	EndGlobalSection
	GlobalSection(SolutionProperties) = preSolution
		HideSolutionNode = FALSE
	EndGlobalSection
	GlobalSection(ExtensibilityGlobals) = postSolution
		SolutionGuid = {E68AA639-7D06-405D-9451-722F0B124131}
	EndGlobalSection
EndGlobal
